
Microsoft Visual Studio Solution File, Format Version 12.00
# Visual Studio 15
VisualStudioVersion = 15.0.27428.2037
MinimumVisualStudioVersion = 10.0.40219.1
Project("{8BC9CEB8-8B4A-11D0-8D11-00A0C91BC942}") = "Project08.10.18", "Project08.10.18\Project08.10.18.vcxproj", "{1A1D85AA-0462-4B84-9A96-0169448F712E}"
EndProject
Global
	GlobalSection(SolutionConfigurationPlatforms) = preSolution
		Debug|x64 = Debug|x64
		Debug|x86 = Debug|x86
		Release|x64 = Release|x64
		Release|x86 = Release|x86
	EndGlobalSection
	GlobalSection(ProjectConfigurationPlatforms) = postSolution
		{1A1D85AA-0462-4B84-9A96-0169448F712E}.Debug|x64.ActiveCfg = Debug|x64
		{1A1D85AA-0462-4B84-9A96-0169448F712E}.Debug|x64.Build.0 = Debug|x64
		{1A1D85AA-0462-4B84-9A96-0169448F712E}.Debug|x86.ActiveCfg = Debug|Win32
		{1A1D85AA-0462-4B84-9A96-0169448F712E}.Debug|x86.Build.0 = Debug|Win32
		{1A1D85AA-0462-4B84-9A96-0169448F712E}.Release|x64.ActiveCfg = Release|x64
		{1A1D85AA-0462-4B84-9A96-0169448F712E}.Release|x64.Build.0 = Release|x64
		{1A1D85AA-0462-4B84-9A96-0169448F712E}.Release|x86.ActiveCfg = Release|Win32
		{1A1D85AA-0462-4B84-9A96-0169448F712E}.Release|x86.Build.0 = Release|Win32
	EndGlobalSection
	GlobalSection(SolutionProperties) = preSolution
		HideSolutionNode = FALSE
	EndGlobalSection
	GlobalSection(ExtensibilityGlobals) = postSolution
		SolutionGuid = {B9029715-FD8D-445C-BB0B-8821AB5433C2}
	EndGlobalSection
EndGlobal
