
Microsoft Visual Studio Solution File, Format Version 12.00
# Visual Studio 15
VisualStudioVersion = 15.0.28010.2050
MinimumVisualStudioVersion = 10.0.40219.1
Project("{8BC9CEB8-8B4A-11D0-8D11-00A0C91BC942}") = "Project26.11.18", "Project26.11.18\Project26.11.18.vcxproj", "{E87F2212-674C-4AAF-9F86-32C6362D0A12}"
EndProject
Global
	GlobalSection(SolutionConfigurationPlatforms) = preSolution
		Debug|x64 = Debug|x64
		Debug|x86 = Debug|x86
		Release|x64 = Release|x64
		Release|x86 = Release|x86
	EndGlobalSection
	GlobalSection(ProjectConfigurationPlatforms) = postSolution
		{E87F2212-674C-4AAF-9F86-32C6362D0A12}.Debug|x64.ActiveCfg = Debug|x64
		{E87F2212-674C-4AAF-9F86-32C6362D0A12}.Debug|x64.Build.0 = Debug|x64
		{E87F2212-674C-4AAF-9F86-32C6362D0A12}.Debug|x86.ActiveCfg = Debug|Win32
		{E87F2212-674C-4AAF-9F86-32C6362D0A12}.Debug|x86.Build.0 = Debug|Win32
		{E87F2212-674C-4AAF-9F86-32C6362D0A12}.Release|x64.ActiveCfg = Release|x64
		{E87F2212-674C-4AAF-9F86-32C6362D0A12}.Release|x64.Build.0 = Release|x64
		{E87F2212-674C-4AAF-9F86-32C6362D0A12}.Release|x86.ActiveCfg = Release|Win32
		{E87F2212-674C-4AAF-9F86-32C6362D0A12}.Release|x86.Build.0 = Release|Win32
	EndGlobalSection
	GlobalSection(SolutionProperties) = preSolution
		HideSolutionNode = FALSE
	EndGlobalSection
	GlobalSection(ExtensibilityGlobals) = postSolution
		SolutionGuid = {73A20BE3-6440-4968-8764-045CC1A43285}
	EndGlobalSection
EndGlobal
