
Microsoft Visual Studio Solution File, Format Version 12.00
# Visual Studio 15
VisualStudioVersion = 15.0.28307.489
MinimumVisualStudioVersion = 10.0.40219.1
Project("{FAE04EC0-301F-11D3-BF4B-00C04F79EFBC}") = "CountWord", "CountWord\CountWord.csproj", "{77E9DF24-F8CC-49B8-8D0D-5A3C10730B8F}"
EndProject
Global
	GlobalSection(SolutionConfigurationPlatforms) = preSolution
		Debug|Any CPU = Debug|Any CPU
		Release|Any CPU = Release|Any CPU
	EndGlobalSection
	GlobalSection(ProjectConfigurationPlatforms) = postSolution
		{77E9DF24-F8CC-49B8-8D0D-5A3C10730B8F}.Debug|Any CPU.ActiveCfg = Debug|Any CPU
		{77E9DF24-F8CC-49B8-8D0D-5A3C10730B8F}.Debug|Any CPU.Build.0 = Debug|Any CPU
		{77E9DF24-F8CC-49B8-8D0D-5A3C10730B8F}.Release|Any CPU.ActiveCfg = Release|Any CPU
		{77E9DF24-F8CC-49B8-8D0D-5A3C10730B8F}.Release|Any CPU.Build.0 = Release|Any CPU
	EndGlobalSection
	GlobalSection(SolutionProperties) = preSolution
		HideSolutionNode = FALSE
	EndGlobalSection
	GlobalSection(ExtensibilityGlobals) = postSolution
		SolutionGuid = {DCFD0B82-B5CC-44A4-8975-7D6D471C0F8B}
	EndGlobalSection
EndGlobal
