
Microsoft Visual Studio Solution File, Format Version 12.00
# Visual Studio 15
VisualStudioVersion = 15.0.28010.2050
MinimumVisualStudioVersion = 10.0.40219.1
Project("{8BC9CEB8-8B4A-11D0-8D11-00A0C91BC942}") = "Project1", "Project1\Project1.vcxproj", "{AF366FBA-AE98-419F-9D0D-D7B309CB111A}"
EndProject
Global
	GlobalSection(SolutionConfigurationPlatforms) = preSolution
		Debug|x64 = Debug|x64
		Debug|x86 = Debug|x86
		Release|x64 = Release|x64
		Release|x86 = Release|x86
	EndGlobalSection
	GlobalSection(ProjectConfigurationPlatforms) = postSolution
		{AF366FBA-AE98-419F-9D0D-D7B309CB111A}.Debug|x64.ActiveCfg = Debug|x64
		{AF366FBA-AE98-419F-9D0D-D7B309CB111A}.Debug|x64.Build.0 = Debug|x64
		{AF366FBA-AE98-419F-9D0D-D7B309CB111A}.Debug|x86.ActiveCfg = Debug|Win32
		{AF366FBA-AE98-419F-9D0D-D7B309CB111A}.Debug|x86.Build.0 = Debug|Win32
		{AF366FBA-AE98-419F-9D0D-D7B309CB111A}.Release|x64.ActiveCfg = Release|x64
		{AF366FBA-AE98-419F-9D0D-D7B309CB111A}.Release|x64.Build.0 = Release|x64
		{AF366FBA-AE98-419F-9D0D-D7B309CB111A}.Release|x86.ActiveCfg = Release|Win32
		{AF366FBA-AE98-419F-9D0D-D7B309CB111A}.Release|x86.Build.0 = Release|Win32
	EndGlobalSection
	GlobalSection(SolutionProperties) = preSolution
		HideSolutionNode = FALSE
	EndGlobalSection
	GlobalSection(ExtensibilityGlobals) = postSolution
		SolutionGuid = {60AAE9F5-2229-4CE9-A5A4-510EA1A83BF8}
	EndGlobalSection
EndGlobal
