
Microsoft Visual Studio Solution File, Format Version 12.00
# Visual Studio 15
VisualStudioVersion = 15.0.28307.489
MinimumVisualStudioVersion = 10.0.40219.1
Project("{FAE04EC0-301F-11D3-BF4B-00C04F79EFBC}") = "LabelRun", "LabelRun\LabelRun.csproj", "{8612C8C3-FBCD-4333-A9F4-547E644A71CC}"
EndProject
Global
	GlobalSection(SolutionConfigurationPlatforms) = preSolution
		Debug|Any CPU = Debug|Any CPU
		Release|Any CPU = Release|Any CPU
	EndGlobalSection
	GlobalSection(ProjectConfigurationPlatforms) = postSolution
		{8612C8C3-FBCD-4333-A9F4-547E644A71CC}.Debug|Any CPU.ActiveCfg = Debug|Any CPU
		{8612C8C3-FBCD-4333-A9F4-547E644A71CC}.Debug|Any CPU.Build.0 = Debug|Any CPU
		{8612C8C3-FBCD-4333-A9F4-547E644A71CC}.Release|Any CPU.ActiveCfg = Release|Any CPU
		{8612C8C3-FBCD-4333-A9F4-547E644A71CC}.Release|Any CPU.Build.0 = Release|Any CPU
	EndGlobalSection
	GlobalSection(SolutionProperties) = preSolution
		HideSolutionNode = FALSE
	EndGlobalSection
	GlobalSection(ExtensibilityGlobals) = postSolution
		SolutionGuid = {EDDF8E3D-03AA-4273-AF4C-5989945BA025}
	EndGlobalSection
EndGlobal
