
Microsoft Visual Studio Solution File, Format Version 12.00
# Visual Studio 15
VisualStudioVersion = 15.0.28010.2050
MinimumVisualStudioVersion = 10.0.40219.1
Project("{8BC9CEB8-8B4A-11D0-8D11-00A0C91BC942}") = "Project1", "Project1\Project1.vcxproj", "{30ECCDF2-13BE-4A24-BC3E-4ADCDD005399}"
EndProject
Global
	GlobalSection(SolutionConfigurationPlatforms) = preSolution
		Debug|x64 = Debug|x64
		Debug|x86 = Debug|x86
		Release|x64 = Release|x64
		Release|x86 = Release|x86
	EndGlobalSection
	GlobalSection(ProjectConfigurationPlatforms) = postSolution
		{30ECCDF2-13BE-4A24-BC3E-4ADCDD005399}.Debug|x64.ActiveCfg = Debug|x64
		{30ECCDF2-13BE-4A24-BC3E-4ADCDD005399}.Debug|x64.Build.0 = Debug|x64
		{30ECCDF2-13BE-4A24-BC3E-4ADCDD005399}.Debug|x86.ActiveCfg = Debug|Win32
		{30ECCDF2-13BE-4A24-BC3E-4ADCDD005399}.Debug|x86.Build.0 = Debug|Win32
		{30ECCDF2-13BE-4A24-BC3E-4ADCDD005399}.Release|x64.ActiveCfg = Release|x64
		{30ECCDF2-13BE-4A24-BC3E-4ADCDD005399}.Release|x64.Build.0 = Release|x64
		{30ECCDF2-13BE-4A24-BC3E-4ADCDD005399}.Release|x86.ActiveCfg = Release|Win32
		{30ECCDF2-13BE-4A24-BC3E-4ADCDD005399}.Release|x86.Build.0 = Release|Win32
	EndGlobalSection
	GlobalSection(SolutionProperties) = preSolution
		HideSolutionNode = FALSE
	EndGlobalSection
	GlobalSection(ExtensibilityGlobals) = postSolution
		SolutionGuid = {0882E342-117F-4376-B7F1-66E1F75A2A55}
	EndGlobalSection
EndGlobal
