
Microsoft Visual Studio Solution File, Format Version 12.00
# Visual Studio 15
VisualStudioVersion = 15.0.28307.271
MinimumVisualStudioVersion = 10.0.40219.1
Project("{FAE04EC0-301F-11D3-BF4B-00C04F79EFBC}") = "1", "1\1.csproj", "{D677CF68-1929-4CEE-B39A-CA9D0223247B}"
EndProject
Project("{FAE04EC0-301F-11D3-BF4B-00C04F79EFBC}") = "2", "2\2.csproj", "{5DA7A981-E8BC-4128-809A-5F22B843512A}"
EndProject
Project("{FAE04EC0-301F-11D3-BF4B-00C04F79EFBC}") = "3", "3\3.csproj", "{2EF571D7-9D4E-46B9-82A3-F3728E50908F}"
EndProject
Project("{FAE04EC0-301F-11D3-BF4B-00C04F79EFBC}") = "4", "4\4.csproj", "{6C2D3987-E1BE-4F4B-8DE5-520BA1B18159}"
EndProject
Global
	GlobalSection(SolutionConfigurationPlatforms) = preSolution
		Debug|Any CPU = Debug|Any CPU
		Release|Any CPU = Release|Any CPU
	EndGlobalSection
	GlobalSection(ProjectConfigurationPlatforms) = postSolution
		{D677CF68-1929-4CEE-B39A-CA9D0223247B}.Debug|Any CPU.ActiveCfg = Debug|Any CPU
		{D677CF68-1929-4CEE-B39A-CA9D0223247B}.Debug|Any CPU.Build.0 = Debug|Any CPU
		{D677CF68-1929-4CEE-B39A-CA9D0223247B}.Release|Any CPU.ActiveCfg = Release|Any CPU
		{D677CF68-1929-4CEE-B39A-CA9D0223247B}.Release|Any CPU.Build.0 = Release|Any CPU
		{5DA7A981-E8BC-4128-809A-5F22B843512A}.Debug|Any CPU.ActiveCfg = Debug|Any CPU
		{5DA7A981-E8BC-4128-809A-5F22B843512A}.Debug|Any CPU.Build.0 = Debug|Any CPU
		{5DA7A981-E8BC-4128-809A-5F22B843512A}.Release|Any CPU.ActiveCfg = Release|Any CPU
		{5DA7A981-E8BC-4128-809A-5F22B843512A}.Release|Any CPU.Build.0 = Release|Any CPU
		{2EF571D7-9D4E-46B9-82A3-F3728E50908F}.Debug|Any CPU.ActiveCfg = Debug|Any CPU
		{2EF571D7-9D4E-46B9-82A3-F3728E50908F}.Debug|Any CPU.Build.0 = Debug|Any CPU
		{2EF571D7-9D4E-46B9-82A3-F3728E50908F}.Release|Any CPU.ActiveCfg = Release|Any CPU
		{2EF571D7-9D4E-46B9-82A3-F3728E50908F}.Release|Any CPU.Build.0 = Release|Any CPU
		{6C2D3987-E1BE-4F4B-8DE5-520BA1B18159}.Debug|Any CPU.ActiveCfg = Debug|Any CPU
		{6C2D3987-E1BE-4F4B-8DE5-520BA1B18159}.Debug|Any CPU.Build.0 = Debug|Any CPU
		{6C2D3987-E1BE-4F4B-8DE5-520BA1B18159}.Release|Any CPU.ActiveCfg = Release|Any CPU
		{6C2D3987-E1BE-4F4B-8DE5-520BA1B18159}.Release|Any CPU.Build.0 = Release|Any CPU
	EndGlobalSection
	GlobalSection(SolutionProperties) = preSolution
		HideSolutionNode = FALSE
	EndGlobalSection
	GlobalSection(ExtensibilityGlobals) = postSolution
		SolutionGuid = {6E4E9F00-2575-4637-831D-AF5843BFC9DC}
	EndGlobalSection
EndGlobal
