
Microsoft Visual Studio Solution File, Format Version 12.00
# Visual Studio 15
VisualStudioVersion = 15.0.28307.271
MinimumVisualStudioVersion = 10.0.40219.1
Project("{FAE04EC0-301F-11D3-BF4B-00C04F79EFBC}") = "STRING", "STRING\STRING.csproj", "{3DC5331E-140C-42E2-8725-5A4BA650ABBF}"
EndProject
Project("{FAE04EC0-301F-11D3-BF4B-00C04F79EFBC}") = "STRING1", "STRING1\STRING1.csproj", "{F7FB2A36-14C8-4986-BD99-FE133CFBE96E}"
EndProject
Project("{FAE04EC0-301F-11D3-BF4B-00C04F79EFBC}") = "STRING2", "STRING2\STRING2.csproj", "{07805340-95BF-42DC-A87C-697CC80A1512}"
EndProject
Global
	GlobalSection(SolutionConfigurationPlatforms) = preSolution
		Debug|Any CPU = Debug|Any CPU
		Release|Any CPU = Release|Any CPU
	EndGlobalSection
	GlobalSection(ProjectConfigurationPlatforms) = postSolution
		{3DC5331E-140C-42E2-8725-5A4BA650ABBF}.Debug|Any CPU.ActiveCfg = Debug|Any CPU
		{3DC5331E-140C-42E2-8725-5A4BA650ABBF}.Debug|Any CPU.Build.0 = Debug|Any CPU
		{3DC5331E-140C-42E2-8725-5A4BA650ABBF}.Release|Any CPU.ActiveCfg = Release|Any CPU
		{3DC5331E-140C-42E2-8725-5A4BA650ABBF}.Release|Any CPU.Build.0 = Release|Any CPU
		{F7FB2A36-14C8-4986-BD99-FE133CFBE96E}.Debug|Any CPU.ActiveCfg = Debug|Any CPU
		{F7FB2A36-14C8-4986-BD99-FE133CFBE96E}.Debug|Any CPU.Build.0 = Debug|Any CPU
		{F7FB2A36-14C8-4986-BD99-FE133CFBE96E}.Release|Any CPU.ActiveCfg = Release|Any CPU
		{F7FB2A36-14C8-4986-BD99-FE133CFBE96E}.Release|Any CPU.Build.0 = Release|Any CPU
		{07805340-95BF-42DC-A87C-697CC80A1512}.Debug|Any CPU.ActiveCfg = Debug|Any CPU
		{07805340-95BF-42DC-A87C-697CC80A1512}.Debug|Any CPU.Build.0 = Debug|Any CPU
		{07805340-95BF-42DC-A87C-697CC80A1512}.Release|Any CPU.ActiveCfg = Release|Any CPU
		{07805340-95BF-42DC-A87C-697CC80A1512}.Release|Any CPU.Build.0 = Release|Any CPU
	EndGlobalSection
	GlobalSection(SolutionProperties) = preSolution
		HideSolutionNode = FALSE
	EndGlobalSection
	GlobalSection(ExtensibilityGlobals) = postSolution
		SolutionGuid = {3F5C86E8-C4B6-4362-A500-69558C2FF088}
	EndGlobalSection
EndGlobal
