
Microsoft Visual Studio Solution File, Format Version 12.00
# Visual Studio 15
VisualStudioVersion = 15.0.28307.489
MinimumVisualStudioVersion = 10.0.40219.1
Project("{FAE04EC0-301F-11D3-BF4B-00C04F79EFBC}") = "Image", "Image\Image.csproj", "{EA67A95B-133B-414A-9904-E0400267804A}"
EndProject
Global
	GlobalSection(SolutionConfigurationPlatforms) = preSolution
		Debug|Any CPU = Debug|Any CPU
		Release|Any CPU = Release|Any CPU
	EndGlobalSection
	GlobalSection(ProjectConfigurationPlatforms) = postSolution
		{EA67A95B-133B-414A-9904-E0400267804A}.Debug|Any CPU.ActiveCfg = Debug|Any CPU
		{EA67A95B-133B-414A-9904-E0400267804A}.Debug|Any CPU.Build.0 = Debug|Any CPU
		{EA67A95B-133B-414A-9904-E0400267804A}.Release|Any CPU.ActiveCfg = Release|Any CPU
		{EA67A95B-133B-414A-9904-E0400267804A}.Release|Any CPU.Build.0 = Release|Any CPU
	EndGlobalSection
	GlobalSection(SolutionProperties) = preSolution
		HideSolutionNode = FALSE
	EndGlobalSection
	GlobalSection(ExtensibilityGlobals) = postSolution
		SolutionGuid = {4CD530B8-256B-4C03-8671-E87321D6F7EF}
	EndGlobalSection
EndGlobal
