
Microsoft Visual Studio Solution File, Format Version 12.00
# Visual Studio 15
VisualStudioVersion = 15.0.28307.489
MinimumVisualStudioVersion = 10.0.40219.1
Project("{FAE04EC0-301F-11D3-BF4B-00C04F79EFBC}") = "Delegats", "Delegats\Delegats.csproj", "{8187DC0D-D6EE-4F22-9B6C-9709543E4C19}"
EndProject
Global
	GlobalSection(SolutionConfigurationPlatforms) = preSolution
		Debug|Any CPU = Debug|Any CPU
		Release|Any CPU = Release|Any CPU
	EndGlobalSection
	GlobalSection(ProjectConfigurationPlatforms) = postSolution
		{8187DC0D-D6EE-4F22-9B6C-9709543E4C19}.Debug|Any CPU.ActiveCfg = Debug|Any CPU
		{8187DC0D-D6EE-4F22-9B6C-9709543E4C19}.Debug|Any CPU.Build.0 = Debug|Any CPU
		{8187DC0D-D6EE-4F22-9B6C-9709543E4C19}.Release|Any CPU.ActiveCfg = Release|Any CPU
		{8187DC0D-D6EE-4F22-9B6C-9709543E4C19}.Release|Any CPU.Build.0 = Release|Any CPU
	EndGlobalSection
	GlobalSection(SolutionProperties) = preSolution
		HideSolutionNode = FALSE
	EndGlobalSection
	GlobalSection(ExtensibilityGlobals) = postSolution
		SolutionGuid = {576B6D5E-5704-403D-8B4F-EC31B5AA01E7}
	EndGlobalSection
EndGlobal
